// !$*UTF8*$!
{
	archiveVersion = 1;
	classes = {
	};
	objectVersion = 56;
	objects = {

/* Begin PBXBuildFile section */
		3D660A8429A6A2EF00E84D08 /* SwiftUIMagnificationGesture.swift in Sources */ = {isa = PBXBuildFile; fileRef = 3D660A8329A6A2EF00E84D08 /* SwiftUIMagnificationGesture.swift */; };
		3D660A8629ABF6C600E84D08 /* SwiftUIRotationGesture.swift in Sources */ = {isa = PBXBuildFile; fileRef = 3D660A8529ABF6C600E84D08 /* SwiftUIRotationGesture.swift */; };
		3D7CE2AE29AFD70700369FD4 /* SwiftUIDragGesture.swift in Sources */ = {isa = PBXBuildFile; fileRef = 3D7CE2AD29AFD70700369FD4 /* SwiftUIDragGesture.swift */; };
		3D7CE2B029AFDC7E00369FD4 /* SwiftUIDragGestureTwo.swift in Sources */ = {isa = PBXBuildFile; fileRef = 3D7CE2AF29AFDC7E00369FD4 /* SwiftUIDragGestureTwo.swift */; };
		3D7CE2B229AFED9F00369FD4 /* SwiftUIScrollViewReader.swift in Sources */ = {isa = PBXBuildFile; fileRef = 3D7CE2B129AFED9F00369FD4 /* SwiftUIScrollViewReader.swift */; };
		3D9BC60029B1275B00285E60 /* SwiftUIGeometryReader.swift in Sources */ = {isa = PBXBuildFile; fileRef = 3D9BC5FF29B1275B00285E60 /* SwiftUIGeometryReader.swift */; };
		3D9BC60229B2771F00285E60 /* SwiftUIMultipleSheets.swift in Sources */ = {isa = PBXBuildFile; fileRef = 3D9BC60129B2771F00285E60 /* SwiftUIMultipleSheets.swift */; };
		3D9BC60429B3D46900285E60 /* SwiftUIMaskModifier.swift in Sources */ = {isa = PBXBuildFile; fileRef = 3D9BC60329B3D46900285E60 /* SwiftUIMaskModifier.swift */; };
		3DF3F7E929A548000077FF43 /* SwiftUIContinuedLearningApp.swift in Sources */ = {isa = PBXBuildFile; fileRef = 3DF3F7E829A548000077FF43 /* SwiftUIContinuedLearningApp.swift */; };
		3DF3F7EB29A548000077FF43 /* ContentView.swift in Sources */ = {isa = PBXBuildFile; fileRef = 3DF3F7EA29A548000077FF43 /* ContentView.swift */; };
		3DF3F7ED29A548020077FF43 /* Assets.xcassets in Resources */ = {isa = PBXBuildFile; fileRef = 3DF3F7EC29A548020077FF43 /* Assets.xcassets */; };
		3DF3F7F029A548020077FF43 /* Preview Assets.xcassets in Resources */ = {isa = PBXBuildFile; fileRef = 3DF3F7EF29A548020077FF43 /* Preview Assets.xcassets */; };
		3DF3F7F729A5485F0077FF43 /* SwiftUIViewLongPressGesture.swift in Sources */ = {isa = PBXBuildFile; fileRef = 3DF3F7F629A5485F0077FF43 /* SwiftUIViewLongPressGesture.swift */; };
/* End PBXBuildFile section */

/* Begin PBXFileReference section */
		3D660A8329A6A2EF00E84D08 /* SwiftUIMagnificationGesture.swift */ = {isa = PBXFileReference; lastKnownFileType = sourcecode.swift; path = SwiftUIMagnificationGesture.swift; sourceTree = "<group>"; };
		3D660A8529ABF6C600E84D08 /* SwiftUIRotationGesture.swift */ = {isa = PBXFileReference; lastKnownFileType = sourcecode.swift; path = SwiftUIRotationGesture.swift; sourceTree = "<group>"; };
		3D7CE2AD29AFD70700369FD4 /* SwiftUIDragGesture.swift */ = {isa = PBXFileReference; lastKnownFileType = sourcecode.swift; path = SwiftUIDragGesture.swift; sourceTree = "<group>"; };
		3D7CE2AF29AFDC7E00369FD4 /* SwiftUIDragGestureTwo.swift */ = {isa = PBXFileReference; lastKnownFileType = sourcecode.swift; path = SwiftUIDragGestureTwo.swift; sourceTree = "<group>"; };
		3D7CE2B129AFED9F00369FD4 /* SwiftUIScrollViewReader.swift */ = {isa = PBXFileReference; lastKnownFileType = sourcecode.swift; path = SwiftUIScrollViewReader.swift; sourceTree = "<group>"; };
		3D9BC5FF29B1275B00285E60 /* SwiftUIGeometryReader.swift */ = {isa = PBXFileReference; lastKnownFileType = sourcecode.swift; path = SwiftUIGeometryReader.swift; sourceTree = "<group>"; };
		3D9BC60129B2771F00285E60 /* SwiftUIMultipleSheets.swift */ = {isa = PBXFileReference; lastKnownFileType = sourcecode.swift; path = SwiftUIMultipleSheets.swift; sourceTree = "<group>"; };
		3D9BC60329B3D46900285E60 /* SwiftUIMaskModifier.swift */ = {isa = PBXFileReference; lastKnownFileType = sourcecode.swift; path = SwiftUIMaskModifier.swift; sourceTree = "<group>"; };
		3DF3F7E529A548000077FF43 /* SwiftUIContinuedLearning.app */ = {isa = PBXFileReference; explicitFileType = wrapper.application; includeInIndex = 0; path = SwiftUIContinuedLearning.app; sourceTree = BUILT_PRODUCTS_DIR; };
		3DF3F7E829A548000077FF43 /* SwiftUIContinuedLearningApp.swift */ = {isa = PBXFileReference; lastKnownFileType = sourcecode.swift; path = SwiftUIContinuedLearningApp.swift; sourceTree = "<group>"; };
		3DF3F7EA29A548000077FF43 /* ContentView.swift */ = {isa = PBXFileReference; lastKnownFileType = sourcecode.swift; path = ContentView.swift; sourceTree = "<group>"; };
		3DF3F7EC29A548020077FF43 /* Assets.xcassets */ = {isa = PBXFileReference; lastKnownFileType = folder.assetcatalog; path = Assets.xcassets; sourceTree = "<group>"; };
		3DF3F7EF29A548020077FF43 /* Preview Assets.xcassets */ = {isa = PBXFileReference; lastKnownFileType = folder.assetcatalog; path = "Preview Assets.xcassets"; sourceTree = "<group>"; };
		3DF3F7F629A5485F0077FF43 /* SwiftUIViewLongPressGesture.swift */ = {isa = PBXFileReference; lastKnownFileType = sourcecode.swift; path = SwiftUIViewLongPressGesture.swift; sourceTree = "<group>"; };
/* End PBXFileReference section */

/* Begin PBXFrameworksBuildPhase section */
		3DF3F7E229A548000077FF43 /* Frameworks */ = {
			isa = PBXFrameworksBuildPhase;
			buildActionMask = 2147483647;
			files = (
			);
			runOnlyForDeploymentPostprocessing = 0;
		};
/* End PBXFrameworksBuildPhase section */

/* Begin PBXGroup section */
		3DF3F7DC29A548000077FF43 = {
			isa = PBXGroup;
			children = (
				3DF3F7E729A548000077FF43 /* SwiftUIContinuedLearning */,
				3DF3F7E629A548000077FF43 /* Products */,
			);
			sourceTree = "<group>";
		};
		3DF3F7E629A548000077FF43 /* Products */ = {
			isa = PBXGroup;
			children = (
				3DF3F7E529A548000077FF43 /* SwiftUIContinuedLearning.app */,
			);
			name = Products;
			sourceTree = "<group>";
		};
		3DF3F7E729A548000077FF43 /* SwiftUIContinuedLearning */ = {
			isa = PBXGroup;
			children = (
				3DF3F7E829A548000077FF43 /* SwiftUIContinuedLearningApp.swift */,
				3DF3F7EA29A548000077FF43 /* ContentView.swift */,
				3DF3F7F629A5485F0077FF43 /* SwiftUIViewLongPressGesture.swift */,
				3D660A8329A6A2EF00E84D08 /* SwiftUIMagnificationGesture.swift */,
				3D7CE2AD29AFD70700369FD4 /* SwiftUIDragGesture.swift */,
				3D7CE2AF29AFDC7E00369FD4 /* SwiftUIDragGestureTwo.swift */,
				3D7CE2B129AFED9F00369FD4 /* SwiftUIScrollViewReader.swift */,
				3D660A8529ABF6C600E84D08 /* SwiftUIRotationGesture.swift */,
				3D9BC5FF29B1275B00285E60 /* SwiftUIGeometryReader.swift */,
				3D9BC60129B2771F00285E60 /* SwiftUIMultipleSheets.swift */,
				3D9BC60329B3D46900285E60 /* SwiftUIMaskModifier.swift */,
				3DF3F7EC29A548020077FF43 /* Assets.xcassets */,
				3DF3F7EE29A548020077FF43 /* Preview Content */,
			);
			path = SwiftUIContinuedLearning;
			sourceTree = "<group>";
		};
		3DF3F7EE29A548020077FF43 /* Preview Content */ = {
			isa = PBXGroup;
			children = (
				3DF3F7EF29A548020077FF43 /* Preview Assets.xcassets */,
			);
			path = "Preview Content";
			sourceTree = "<group>";
		};
/* End PBXGroup section */

/* Begin PBXNativeTarget section */
		3DF3F7E429A548000077FF43 /* SwiftUIContinuedLearning */ = {
			isa = PBXNativeTarget;
			buildConfigurationList = 3DF3F7F329A548020077FF43 /* Build configuration list for PBXNativeTarget "SwiftUIContinuedLearning" */;
			buildPhases = (
				3DF3F7E129A548000077FF43 /* Sources */,
				3DF3F7E229A548000077FF43 /* Frameworks */,
				3DF3F7E329A548000077FF43 /* Resources */,
			);
			buildRules = (
			);
			dependencies = (
			);
			name = SwiftUIContinuedLearning;
			productName = SwiftUIContinuedLearning;
			productReference = 3DF3F7E529A548000077FF43 /* SwiftUIContinuedLearning.app */;
			productType = "com.apple.product-type.application";
		};
/* End PBXNativeTarget section */

/* Begin PBXProject section */
		3DF3F7DD29A548000077FF43 /* Project object */ = {
			isa = PBXProject;
			attributes = {
				BuildIndependentTargetsInParallel = 1;
				LastSwiftUpdateCheck = 1400;
				LastUpgradeCheck = 1400;
				TargetAttributes = {
					3DF3F7E429A548000077FF43 = {
						CreatedOnToolsVersion = 14.0.1;
					};
				};
			};
			buildConfigurationList = 3DF3F7E029A548000077FF43 /* Build configuration list for PBXProject "SwiftUIContinuedLearning" */;
			compatibilityVersion = "Xcode 14.0";
			developmentRegion = en;
			hasScannedForEncodings = 0;
			knownRegions = (
				en,
				Base,
			);
			mainGroup = 3DF3F7DC29A548000077FF43;
			productRefGroup = 3DF3F7E629A548000077FF43 /* Products */;
			projectDirPath = "";
			projectRoot = "";
			targets = (
				3DF3F7E429A548000077FF43 /* SwiftUIContinuedLearning */,
			);
		};
/* End PBXProject section */

/* Begin PBXResourcesBuildPhase section */
		3DF3F7E329A548000077FF43 /* Resources */ = {
			isa = PBXResourcesBuildPhase;
			buildActionMask = 2147483647;
			files = (
				3DF3F7F029A548020077FF43 /* Preview Assets.xcassets in Resources */,
				3DF3F7ED29A548020077FF43 /* Assets.xcassets in Resources */,
			);
			runOnlyForDeploymentPostprocessing = 0;
		};
/* End PBXResourcesBuildPhase section */

/* Begin PBXSourcesBuildPhase section */
		3DF3F7E129A548000077FF43 /* Sources */ = {
			isa = PBXSourcesBuildPhase;
			buildActionMask = 2147483647;
			files = (
				3D7CE2B229AFED9F00369FD4 /* SwiftUIScrollViewReader.swift in Sources */,
				3D9BC60429B3D46900285E60 /* SwiftUIMaskModifier.swift in Sources */,
				3D7CE2B029AFDC7E00369FD4 /* SwiftUIDragGestureTwo.swift in Sources */,
				3D660A8629ABF6C600E84D08 /* SwiftUIRotationGesture.swift in Sources */,
				3D7CE2AE29AFD70700369FD4 /* SwiftUIDragGesture.swift in Sources */,
				3DF3F7F729A5485F0077FF43 /* SwiftUIViewLongPressGesture.swift in Sources */,
				3D9BC60029B1275B00285E60 /* SwiftUIGeometryReader.swift in Sources */,
				3D660A8429A6A2EF00E84D08 /* SwiftUIMagnificationGesture.swift in Sources */,
				3D9BC60229B2771F00285E60 /* SwiftUIMultipleSheets.swift in Sources */,
				3DF3F7EB29A548000077FF43 /* ContentView.swift in Sources */,
				3DF3F7E929A548000077FF43 /* SwiftUIContinuedLearningApp.swift in Sources */,
			);
			runOnlyForDeploymentPostprocessing = 0;
		};
/* End PBXSourcesBuildPhase section */

/* Begin XCBuildConfiguration section */
		3DF3F7F129A548020077FF43 /* Debug */ = {
			isa = XCBuildConfiguration;
			buildSettings = {
				ALWAYS_SEARCH_USER_PATHS = NO;
				CLANG_ANALYZER_NONNULL = YES;
				CLANG_ANALYZER_NUMBER_OBJECT_CONVERSION = YES_AGGRESSIVE;
				CLANG_CXX_LANGUAGE_STANDARD = "gnu++20";
				CLANG_ENABLE_MODULES = YES;
				CLANG_ENABLE_OBJC_ARC = YES;
				CLANG_ENABLE_OBJC_WEAK = YES;
				CLANG_WARN_BLOCK_CAPTURE_AUTORELEASING = YES;
				CLANG_WARN_BOOL_CONVERSION = YES;
				CLANG_WARN_COMMA = YES;
				CLANG_WARN_CONSTANT_CONVERSION = YES;
				CLANG_WARN_DEPRECATED_OBJC_IMPLEMENTATIONS = YES;
				CLANG_WARN_DIRECT_OBJC_ISA_USAGE = YES_ERROR;
				CLANG_WARN_DOCUMENTATION_COMMENTS = YES;
				CLANG_WARN_EMPTY_BODY = YES;
				CLANG_WARN_ENUM_CONVERSION = YES;
				CLANG_WARN_INFINITE_RECURSION = YES;
				CLANG_WARN_INT_CONVERSION = YES;
				CLANG_WARN_NON_LITERAL_NULL_CONVERSION = YES;
				CLANG_WARN_OBJC_IMPLICIT_RETAIN_SELF = YES;
				CLANG_WARN_OBJC_LITERAL_CONVERSION = YES;
				CLANG_WARN_OBJC_ROOT_CLASS = YES_ERROR;
				CLANG_WARN_QUOTED_INCLUDE_IN_FRAMEWORK_HEADER = YES;
				CLANG_WARN_RANGE_LOOP_ANALYSIS = YES;
				CLANG_WARN_STRICT_PROTOTYPES = YES;
				CLANG_WARN_SUSPICIOUS_MOVE = YES;
				CLANG_WARN_UNGUARDED_AVAILABILITY = YES_AGGRESSIVE;
				CLANG_WARN_UNREACHABLE_CODE = YES;
				CLANG_WARN__DUPLICATE_METHOD_MATCH = YES;
				COPY_PHASE_STRIP = NO;
				DEBUG_INFORMATION_FORMAT = dwarf;
				ENABLE_STRICT_OBJC_MSGSEND = YES;
				ENABLE_TESTABILITY = YES;
				GCC_C_LANGUAGE_STANDARD = gnu11;
				GCC_DYNAMIC_NO_PIC = NO;
				GCC_NO_COMMON_BLOCKS = YES;
				GCC_OPTIMIZATION_LEVEL = 0;
				GCC_PREPROCESSOR_DEFINITIONS = (
					"DEBUG=1",
					"$(inherited)",
				);
				GCC_WARN_64_TO_32_BIT_CONVERSION = YES;
				GCC_WARN_ABOUT_RETURN_TYPE = YES_ERROR;
				GCC_WARN_UNDECLARED_SELECTOR = YES;
				GCC_WARN_UNINITIALIZED_AUTOS = YES_AGGRESSIVE;
				GCC_WARN_UNUSED_FUNCTION = YES;
				GCC_WARN_UNUSED_VARIABLE = YES;
				IPHONEOS_DEPLOYMENT_TARGET = 16.0;
				MTL_ENABLE_DEBUG_INFO = INCLUDE_SOURCE;
				MTL_FAST_MATH = YES;
				ONLY_ACTIVE_ARCH = YES;
				SDKROOT = iphoneos;
				SWIFT_ACTIVE_COMPILATION_CONDITIONS = DEBUG;
				SWIFT_OPTIMIZATION_LEVEL = "-Onone";
			};
			name = Debug;
		};
		3DF3F7F229A548020077FF43 /* Release */ = {
			isa = XCBuildConfiguration;
			buildSettings = {
				ALWAYS_SEARCH_USER_PATHS = NO;
				CLANG_ANALYZER_NONNULL = YES;
				CLANG_ANALYZER_NUMBER_OBJECT_CONVERSION = YES_AGGRESSIVE;
				CLANG_CXX_LANGUAGE_STANDARD = "gnu++20";
				CLANG_ENABLE_MODULES = YES;
				CLANG_ENABLE_OBJC_ARC = YES;
				CLANG_ENABLE_OBJC_WEAK = YES;
				CLANG_WARN_BLOCK_CAPTURE_AUTORELEASING = YES;
				CLANG_WARN_BOOL_CONVERSION = YES;
				CLANG_WARN_COMMA = YES;
				CLANG_WARN_CONSTANT_CONVERSION = YES;
				CLANG_WARN_DEPRECATED_OBJC_IMPLEMENTATIONS = YES;
				CLANG_WARN_DIRECT_OBJC_ISA_USAGE = YES_ERROR;
				CLANG_WARN_DOCUMENTATION_COMMENTS = YES;
				CLANG_WARN_EMPTY_BODY = YES;
				CLANG_WARN_ENUM_CONVERSION = YES;
				CLANG_WARN_INFINITE_RECURSION = YES;
				CLANG_WARN_INT_CONVERSION = YES;
				CLANG_WARN_NON_LITERAL_NULL_CONVERSION = YES;
				CLANG_WARN_OBJC_IMPLICIT_RETAIN_SELF = YES;
				CLANG_WARN_OBJC_LITERAL_CONVERSION = YES;
				CLANG_WARN_OBJC_ROOT_CLASS = YES_ERROR;
				CLANG_WARN_QUOTED_INCLUDE_IN_FRAMEWORK_HEADER = YES;
				CLANG_WARN_RANGE_LOOP_ANALYSIS = YES;
				CLANG_WARN_STRICT_PROTOTYPES = YES;
				CLANG_WARN_SUSPICIOUS_MOVE = YES;
				CLANG_WARN_UNGUARDED_AVAILABILITY = YES_AGGRESSIVE;
				CLANG_WARN_UNREACHABLE_CODE = YES;
				CLANG_WARN__DUPLICATE_METHOD_MATCH = YES;
				COPY_PHASE_STRIP = NO;
				DEBUG_INFORMATION_FORMAT = "dwarf-with-dsym";
				ENABLE_NS_ASSERTIONS = NO;
				ENABLE_STRICT_OBJC_MSGSEND = YES;
				GCC_C_LANGUAGE_STANDARD = gnu11;
				GCC_NO_COMMON_BLOCKS = YES;
				GCC_WARN_64_TO_32_BIT_CONVERSION = YES;
				GCC_WARN_ABOUT_RETURN_TYPE = YES_ERROR;
				GCC_WARN_UNDECLARED_SELECTOR = YES;
				GCC_WARN_UNINITIALIZED_AUTOS = YES_AGGRESSIVE;
				GCC_WARN_UNUSED_FUNCTION = YES;
				GCC_WARN_UNUSED_VARIABLE = YES;
				IPHONEOS_DEPLOYMENT_TARGET = 16.0;
				MTL_ENABLE_DEBUG_INFO = NO;
				MTL_FAST_MATH = YES;
				SDKROOT = iphoneos;
				SWIFT_COMPILATION_MODE = wholemodule;
				SWIFT_OPTIMIZATION_LEVEL = "-O";
				VALIDATE_PRODUCT = YES;
			};
			name = Release;
		};
		3DF3F7F429A548020077FF43 /* Debug */ = {
			isa = XCBuildConfiguration;
			buildSettings = {
				ASSETCATALOG_COMPILER_APPICON_NAME = AppIcon;
				ASSETCATALOG_COMPILER_GLOBAL_ACCENT_COLOR_NAME = AccentColor;
				CODE_SIGN_STYLE = Automatic;
				CURRENT_PROJECT_VERSION = 1;
				DEVELOPMENT_ASSET_PATHS = "\"SwiftUIContinuedLearning/Preview Content\"";
				DEVELOPMENT_TEAM = 5SKVZRCRN5;
				ENABLE_PREVIEWS = YES;
				GENERATE_INFOPLIST_FILE = YES;
				INFOPLIST_KEY_UIApplicationSceneManifest_Generation = YES;
				INFOPLIST_KEY_UIApplicationSupportsIndirectInputEvents = YES;
				INFOPLIST_KEY_UILaunchScreen_Generation = YES;
				INFOPLIST_KEY_UISupportedInterfaceOrientations_iPad = "UIInterfaceOrientationPortrait UIInterfaceOrientationPortraitUpsideDown UIInterfaceOrientationLandscapeLeft UIInterfaceOrientationLandscapeRight";
				INFOPLIST_KEY_UISupportedInterfaceOrientations_iPhone = "UIInterfaceOrientationPortrait UIInterfaceOrientationLandscapeLeft UIInterfaceOrientationLandscapeRight";
				LD_RUNPATH_SEARCH_PATHS = (
					"$(inherited)",
					"@executable_path/Frameworks",
				);
				MARKETING_VERSION = 1.0;
				PRODUCT_BUNDLE_IDENTIFIER = com.enbcreative.SwiftUIContinuedLearning;
				PRODUCT_NAME = "$(TARGET_NAME)";
				SWIFT_EMIT_LOC_STRINGS = YES;
				SWIFT_VERSION = 5.0;
				TARGETED_DEVICE_FAMILY = "1,2";
			};
			name = Debug;
		};
		3DF3F7F529A548020077FF43 /* Release */ = {
			isa = XCBuildConfiguration;
			buildSettings = {
				ASSETCATALOG_COMPILER_APPICON_NAME = AppIcon;
				ASSETCATALOG_COMPILER_GLOBAL_ACCENT_COLOR_NAME = AccentColor;
				CODE_SIGN_STYLE = Automatic;
				CURRENT_PROJECT_VERSION = 1;
				DEVELOPMENT_ASSET_PATHS = "\"SwiftUIContinuedLearning/Preview Content\"";
				DEVELOPMENT_TEAM = 5SKVZRCRN5;
				ENABLE_PREVIEWS = YES;
				GENERATE_INFOPLIST_FILE = YES;
				INFOPLIST_KEY_UIApplicationSceneManifest_Generation = YES;
				INFOPLIST_KEY_UIApplicationSupportsIndirectInputEvents = YES;
				INFOPLIST_KEY_UILaunchScreen_Generation = YES;
				INFOPLIST_KEY_UISupportedInterfaceOrientations_iPad = "UIInterfaceOrientationPortrait UIInterfaceOrientationPortraitUpsideDown UIInterfaceOrientationLandscapeLeft UIInterfaceOrientationLandscapeRight";
				INFOPLIST_KEY_UISupportedInterfaceOrientations_iPhone = "UIInterfaceOrientationPortrait UIInterfaceOrientationLandscapeLeft UIInterfaceOrientationLandscapeRight";
				LD_RUNPATH_SEARCH_PATHS = (
					"$(inherited)",
					"@executable_path/Frameworks",
				);
				MARKETING_VERSION = 1.0;
				PRODUCT_BUNDLE_IDENTIFIER = com.enbcreative.SwiftUIContinuedLearning;
				PRODUCT_NAME = "$(TARGET_NAME)";
				SWIFT_EMIT_LOC_STRINGS = YES;
				SWIFT_VERSION = 5.0;
				TARGETED_DEVICE_FAMILY = "1,2";
			};
			name = Release;
		};
/* End XCBuildConfiguration section */

/* Begin XCConfigurationList section */
		3DF3F7E029A548000077FF43 /* Build configuration list for PBXProject "SwiftUIContinuedLearning" */ = {
			isa = XCConfigurationList;
			buildConfigurations = (
				3DF3F7F129A548020077FF43 /* Debug */,
				3DF3F7F229A548020077FF43 /* Release */,
			);
			defaultConfigurationIsVisible = 0;
			defaultConfigurationName = Release;
		};
		3DF3F7F329A548020077FF43 /* Build configuration list for PBXNativeTarget "SwiftUIContinuedLearning" */ = {
			isa = XCConfigurationList;
			buildConfigurations = (
				3DF3F7F429A548020077FF43 /* Debug */,
				3DF3F7F529A548020077FF43 /* Release */,
			);
			defaultConfigurationIsVisible = 0;
			defaultConfigurationName = Release;
		};
/* End XCConfigurationList section */
	};
	rootObject = 3DF3F7DD29A548000077FF43 /* Project object */;
}
